{
  "name": "MapHub",
  "lockfileVersion": 2,
  "requires": true,
  "packages": {
    "": {
      "dependencies": {
        "cookie-parser": "^1.4.6"
      },
      "devDependencies": {
        "@types/node": "^20.8.10"
      }
    },
    "node_modules/@types/node": {
      "version": "20.8.10",
      "resolved": "https://registry.npmjs.org/@types/node/-/node-20.8.10.tgz",
      "integrity": "sha512-TlgT8JntpcbmKUFzjhsyhGfP2fsiz1Mv56im6enJ905xG1DAYesxJaeSbGqQmAw8OWPdhyJGhGSQGKRNJ45u9w==",
      "dev": true,
      "dependencies": {
        "undici-types": "~5.26.4"
      }
    },
    "node_modules/cookie": {
      "version": "0.4.1",
      "resolved": "https://registry.npmjs.org/cookie/-/cookie-0.4.1.tgz",
      "integrity": "sha512-ZwrFkGJxUR3EIoXtO+yVE69Eb7KlixbaeAWfBQB9vVsNn/o+Yw69gBWSSDK825hQNdN+wF8zELf3dFNl/kxkUA==",
      "engines": {
        "node": ">= 0.6"
      }
    },
    "node_modules/cookie-parser": {
      "version": "1.4.6",
      "resolved": "https://registry.npmjs.org/cookie-parser/-/cookie-parser-1.4.6.tgz",
      "integrity": "sha512-z3IzaNjdwUC2olLIB5/ITd0/setiaFMLYiZJle7xg5Fe9KWAceil7xszYfHHBtDFYLSgJduS2Ty0P1uJdPDJeA==",
      "dependencies": {
        "cookie": "0.4.1",
        "cookie-signature": "1.0.6"
      },
      "engines": {
        "node": ">= 0.8.0"
      }
    },
    "node_modules/cookie-signature": {
      "version": "1.0.6",
      "resolved": "https://registry.npmjs.org/cookie-signature/-/cookie-signature-1.0.6.tgz",
      "integrity": "sha512-QADzlaHc8icV8I7vbaJXJwod9HWYp8uCqf1xa4OfNu1T7JVxQIrUgOWtHdNDtPiywmFbiS12VjotIXLrKM3orQ=="
    },
    "node_modules/undici-types": {
      "version": "5.26.5",
      "resolved": "https://registry.npmjs.org/undici-types/-/undici-types-5.26.5.tgz",
      "integrity": "sha512-JlCMO+ehdEIKqlFxk6IfVoAUVmgz7cU7zD/h9XZ0qzeosSHmUJVOzSQvvYSYWXkFXC+IfLKSIffhv0sVZup6pA==",
      "dev": true
    }
  },
  "dependencies": {
    "@types/node": {
      "version": "20.8.10",
      "resolved": "https://registry.npmjs.org/@types/node/-/node-20.8.10.tgz",
      "integrity": "sha512-TlgT8JntpcbmKUFzjhsyhGfP2fsiz1Mv56im6enJ905xG1DAYesxJaeSbGqQmAw8OWPdhyJGhGSQGKRNJ45u9w==",
      "dev": true,
      "requires": {
        "undici-types": "~5.26.4"
      }
    },
    "cookie": {
      "version": "0.4.1",
      "resolved": "https://registry.npmjs.org/cookie/-/cookie-0.4.1.tgz",
      "integrity": "sha512-ZwrFkGJxUR3EIoXtO+yVE69Eb7KlixbaeAWfBQB9vVsNn/o+Yw69gBWSSDK825hQNdN+wF8zELf3dFNl/kxkUA=="
    },
    "cookie-parser": {
      "version": "1.4.6",
      "resolved": "https://registry.npmjs.org/cookie-parser/-/cookie-parser-1.4.6.tgz",
      "integrity": "sha512-z3IzaNjdwUC2olLIB5/ITd0/setiaFMLYiZJle7xg5Fe9KWAceil7xszYfHHBtDFYLSgJduS2Ty0P1uJdPDJeA==",
      "requires": {
        "cookie": "0.4.1",
        "cookie-signature": "1.0.6"
      }
    },
    "cookie-signature": {
      "version": "1.0.6",
      "resolved": "https://registry.npmjs.org/cookie-signature/-/cookie-signature-1.0.6.tgz",
      "integrity": "sha512-QADzlaHc8icV8I7vbaJXJwod9HWYp8uCqf1xa4OfNu1T7JVxQIrUgOWtHdNDtPiywmFbiS12VjotIXLrKM3orQ=="
    },
    "undici-types": {
      "version": "5.26.5",
      "resolved": "https://registry.npmjs.org/undici-types/-/undici-types-5.26.5.tgz",
      "integrity": "sha512-JlCMO+ehdEIKqlFxk6IfVoAUVmgz7cU7zD/h9XZ0qzeosSHmUJVOzSQvvYSYWXkFXC+IfLKSIffhv0sVZup6pA==",
      "dev": true
    }
  }
}
